// !$*UTF8*$!
{
	archiveVersion = 1;
	classes = {
	};
	objectVersion = 77;
	objects = {

/* Begin PBXBuildFile section */
		B247F0B42CBFF86400CC2088 /* FirebaseAnalytics in Frameworks */ = {isa = PBXBuildFile; productRef = B247F0B32CBFF86400CC2088 /* FirebaseAnalytics */; };
		B247F0B62CBFF86400CC2088 /* FirebaseAnalyticsOnDeviceConversion in Frameworks */ = {isa = PBXBuildFile; productRef = B247F0B52CBFF86400CC2088 /* FirebaseAnalyticsOnDeviceConversion */; };
		B247F0B82CBFF86400CC2088 /* FirebaseAnalyticsWithoutAdIdSupport in Frameworks */ = {isa = PBXBuildFile; productRef = B247F0B72CBFF86400CC2088 /* FirebaseAnalyticsWithoutAdIdSupport */; };
		B247F0BA2CBFF86400CC2088 /* FirebaseDatabase in Frameworks */ = {isa = PBXBuildFile; productRef = B247F0B92CBFF86400CC2088 /* FirebaseDatabase */; };
/* End PBXBuildFile section */

/* Begin PBXContainerItemProxy section */
		B2BF0FB42D90F2BB0092D238 /* PBXContainerItemProxy */ = {
			isa = PBXContainerItemProxy;
			containerPortal = B29F7C3A2C9DBA3A00C95628 /* Project object */;
			proxyType = 1;
			remoteGlobalIDString = B29F7C412C9DBA3A00C95628;
			remoteInfo = geber;
		};
/* End PBXContainerItemProxy section */

/* Begin PBXFileReference section */
		B29F7C422C9DBA3A00C95628 /* geber.app */ = {isa = PBXFileReference; explicitFileType = wrapper.application; includeInIndex = 0; path = geber.app; sourceTree = BUILT_PRODUCTS_DIR; };
		B2BF0FAD2D90F2A80092D238 /* GeberUnitTest.xctest */ = {isa = PBXFileReference; explicitFileType = wrapper.cfbundle; includeInIndex = 0; path = GeberUnitTest.xctest; sourceTree = BUILT_PRODUCTS_DIR; };
		B2C774D72D9131D700961B4D /* GeberUnitTest.xctestplan */ = {isa = PBXFileReference; lastKnownFileType = text; name = GeberUnitTest.xctestplan; path = GeberUnitTest/GeberUnitTest.xctestplan; sourceTree = "<group>"; };
/* End PBXFileReference section */

/* Begin PBXFileSystemSynchronizedBuildFileExceptionSet section */
		B29F7C7F2C9E660500C95628 /* Exceptions for "geber" folder in "geber" target */ = {
			isa = PBXFileSystemSynchronizedBuildFileExceptionSet;
			membershipExceptions = (
				Info.plist,
			);
			target = B29F7C412C9DBA3A00C95628 /* geber */;
		};
/* End PBXFileSystemSynchronizedBuildFileExceptionSet section */

/* Begin PBXFileSystemSynchronizedRootGroup section */
		B29F7C442C9DBA3A00C95628 /* geber */ = {
			isa = PBXFileSystemSynchronizedRootGroup;
			exceptions = (
				B29F7C7F2C9E660500C95628 /* Exceptions for "geber" folder in "geber" target */,
			);
			path = geber;
			sourceTree = "<group>";
		};
		B2BF0FAE2D90F2A80092D238 /* GeberUnitTest */ = {
			isa = PBXFileSystemSynchronizedRootGroup;
			path = GeberUnitTest;
			sourceTree = "<group>";
		};
/* End PBXFileSystemSynchronizedRootGroup section */

/* Begin PBXFrameworksBuildPhase section */
		B29F7C3F2C9DBA3A00C95628 /* Frameworks */ = {
			isa = PBXFrameworksBuildPhase;
			buildActionMask = 2147483647;
			files = (
				B247F0B42CBFF86400CC2088 /* FirebaseAnalytics in Frameworks */,
				B247F0B82CBFF86400CC2088 /* FirebaseAnalyticsWithoutAdIdSupport in Frameworks */,
				B247F0BA2CBFF86400CC2088 /* FirebaseDatabase in Frameworks */,
				B247F0B62CBFF86400CC2088 /* FirebaseAnalyticsOnDeviceConversion in Frameworks */,
			);
			runOnlyForDeploymentPostprocessing = 0;
		};
		B2BF0FAA2D90F2A80092D238 /* Frameworks */ = {
			isa = PBXFrameworksBuildPhase;
			buildActionMask = 2147483647;
			files = (
			);
			runOnlyForDeploymentPostprocessing = 0;
		};
/* End PBXFrameworksBuildPhase section */

/* Begin PBXGroup section */
		B29F7C392C9DBA3A00C95628 = {
			isa = PBXGroup;
			children = (
				B2C774D72D9131D700961B4D /* GeberUnitTest.xctestplan */,
				B29F7C442C9DBA3A00C95628 /* geber */,
				B2BF0FAE2D90F2A80092D238 /* GeberUnitTest */,
				B2BF0FB62D90F2D90092D238 /* Frameworks */,
				B29F7C432C9DBA3A00C95628 /* Products */,
			);
			sourceTree = "<group>";
		};
		B29F7C432C9DBA3A00C95628 /* Products */ = {
			isa = PBXGroup;
			children = (
				B29F7C422C9DBA3A00C95628 /* geber.app */,
				B2BF0FAD2D90F2A80092D238 /* GeberUnitTest.xctest */,
			);
			name = Products;
			sourceTree = "<group>";
		};
		B2BF0FB62D90F2D90092D238 /* Frameworks */ = {
			isa = PBXGroup;
			children = (
			);
			name = Frameworks;
			sourceTree = "<group>";
		};
/* End PBXGroup section */

/* Begin PBXNativeTarget section */
		B29F7C412C9DBA3A00C95628 /* geber */ = {
			isa = PBXNativeTarget;
			buildConfigurationList = B29F7C502C9DBA3B00C95628 /* Build configuration list for PBXNativeTarget "geber" */;
			buildPhases = (
				B29F7C3E2C9DBA3A00C95628 /* Sources */,
				B29F7C3F2C9DBA3A00C95628 /* Frameworks */,
				B29F7C402C9DBA3A00C95628 /* Resources */,
			);
			buildRules = (
			);
			dependencies = (
			);
			fileSystemSynchronizedGroups = (
				B29F7C442C9DBA3A00C95628 /* geber */,
			);
			name = geber;
			packageProductDependencies = (
				B247F0B32CBFF86400CC2088 /* FirebaseAnalytics */,
				B247F0B52CBFF86400CC2088 /* FirebaseAnalyticsOnDeviceConversion */,
				B247F0B72CBFF86400CC2088 /* FirebaseAnalyticsWithoutAdIdSupport */,
				B247F0B92CBFF86400CC2088 /* FirebaseDatabase */,
			);
			productName = geber;
			productReference = B29F7C422C9DBA3A00C95628 /* geber.app */;
			productType = "com.apple.product-type.application";
		};
		B2BF0FAC2D90F2A80092D238 /* GeberUnitTest */ = {
			isa = PBXNativeTarget;
			buildConfigurationList = B2BF0FB12D90F2A80092D238 /* Build configuration list for PBXNativeTarget "GeberUnitTest" */;
			buildPhases = (
				B2BF0FA92D90F2A80092D238 /* Sources */,
				B2BF0FAA2D90F2A80092D238 /* Frameworks */,
				B2BF0FAB2D90F2A80092D238 /* Resources */,
			);
			buildRules = (
			);
			dependencies = (
				B2BF0FB52D90F2BB0092D238 /* PBXTargetDependency */,
			);
			fileSystemSynchronizedGroups = (
				B2BF0FAE2D90F2A80092D238 /* GeberUnitTest */,
			);
			name = GeberUnitTest;
			packageProductDependencies = (
			);
			productName = GeberUnitTest;
			productReference = B2BF0FAD2D90F2A80092D238 /* GeberUnitTest.xctest */;
			productType = "com.apple.product-type.bundle.unit-test";
		};
/* End PBXNativeTarget section */

/* Begin PBXProject section */
		B29F7C3A2C9DBA3A00C95628 /* Project object */ = {
			isa = PBXProject;
			attributes = {
				BuildIndependentTargetsInParallel = 1;
				LastSwiftUpdateCheck = 1620;
				LastUpgradeCheck = 1600;
				TargetAttributes = {
					B29F7C412C9DBA3A00C95628 = {
						CreatedOnToolsVersion = 16.0;
					};
					B2BF0FAC2D90F2A80092D238 = {
						CreatedOnToolsVersion = 16.2;
						TestTargetID = B29F7C412C9DBA3A00C95628;
					};
				};
			};
			buildConfigurationList = B29F7C3D2C9DBA3A00C95628 /* Build configuration list for PBXProject "geber" */;
			developmentRegion = en;
			hasScannedForEncodings = 0;
			knownRegions = (
				en,
				Base,
			);
			mainGroup = B29F7C392C9DBA3A00C95628;
			minimizedProjectReferenceProxies = 1;
			packageReferences = (
				B247F0B22CBFF86400CC2088 /* XCRemoteSwiftPackageReference "firebase-ios-sdk" */,
			);
			preferredProjectObjectVersion = 77;
			productRefGroup = B29F7C432C9DBA3A00C95628 /* Products */;
			projectDirPath = "";
			projectRoot = "";
			targets = (
				B29F7C412C9DBA3A00C95628 /* geber */,
				B2BF0FAC2D90F2A80092D238 /* GeberUnitTest */,
			);
		};
/* End PBXProject section */

/* Begin PBXResourcesBuildPhase section */
		B29F7C402C9DBA3A00C95628 /* Resources */ = {
			isa = PBXResourcesBuildPhase;
			buildActionMask = 2147483647;
			files = (
			);
			runOnlyForDeploymentPostprocessing = 0;
		};
		B2BF0FAB2D90F2A80092D238 /* Resources */ = {
			isa = PBXResourcesBuildPhase;
			buildActionMask = 2147483647;
			files = (
			);
			runOnlyForDeploymentPostprocessing = 0;
		};
/* End PBXResourcesBuildPhase section */

/* Begin PBXSourcesBuildPhase section */
		B29F7C3E2C9DBA3A00C95628 /* Sources */ = {
			isa = PBXSourcesBuildPhase;
			buildActionMask = 2147483647;
			files = (
			);
			runOnlyForDeploymentPostprocessing = 0;
		};
		B2BF0FA92D90F2A80092D238 /* Sources */ = {
			isa = PBXSourcesBuildPhase;
			buildActionMask = 2147483647;
			files = (
			);
			runOnlyForDeploymentPostprocessing = 0;
		};
/* End PBXSourcesBuildPhase section */

/* Begin PBXTargetDependency section */
		B2BF0FB52D90F2BB0092D238 /* PBXTargetDependency */ = {
			isa = PBXTargetDependency;
			target = B29F7C412C9DBA3A00C95628 /* geber */;
			targetProxy = B2BF0FB42D90F2BB0092D238 /* PBXContainerItemProxy */;
		};
/* End PBXTargetDependency section */

/* Begin XCBuildConfiguration section */
		B29F7C4E2C9DBA3B00C95628 /* Debug */ = {
			isa = XCBuildConfiguration;
			buildSettings = {
				ALWAYS_SEARCH_USER_PATHS = NO;
				ASSETCATALOG_COMPILER_GENERATE_SWIFT_ASSET_SYMBOL_EXTENSIONS = YES;
				CLANG_ANALYZER_NONNULL = YES;
				CLANG_ANALYZER_NUMBER_OBJECT_CONVERSION = YES_AGGRESSIVE;
				CLANG_CXX_LANGUAGE_STANDARD = "gnu++20";
				CLANG_ENABLE_MODULES = YES;
				CLANG_ENABLE_OBJC_ARC = YES;
				CLANG_ENABLE_OBJC_WEAK = YES;
				CLANG_WARN_BLOCK_CAPTURE_AUTORELEASING = YES;
				CLANG_WARN_BOOL_CONVERSION = YES;
				CLANG_WARN_COMMA = YES;
				CLANG_WARN_CONSTANT_CONVERSION = YES;
				CLANG_WARN_DEPRECATED_OBJC_IMPLEMENTATIONS = YES;
				CLANG_WARN_DIRECT_OBJC_ISA_USAGE = YES_ERROR;
				CLANG_WARN_DOCUMENTATION_COMMENTS = YES;
				CLANG_WARN_EMPTY_BODY = YES;
				CLANG_WARN_ENUM_CONVERSION = YES;
				CLANG_WARN_INFINITE_RECURSION = YES;
				CLANG_WARN_INT_CONVERSION = YES;
				CLANG_WARN_NON_LITERAL_NULL_CONVERSION = YES;
				CLANG_WARN_OBJC_IMPLICIT_RETAIN_SELF = YES;
				CLANG_WARN_OBJC_LITERAL_CONVERSION = YES;
				CLANG_WARN_OBJC_ROOT_CLASS = YES_ERROR;
				CLANG_WARN_QUOTED_INCLUDE_IN_FRAMEWORK_HEADER = YES;
				CLANG_WARN_RANGE_LOOP_ANALYSIS = YES;
				CLANG_WARN_STRICT_PROTOTYPES = YES;
				CLANG_WARN_SUSPICIOUS_MOVE = YES;
				CLANG_WARN_UNGUARDED_AVAILABILITY = YES_AGGRESSIVE;
				CLANG_WARN_UNREACHABLE_CODE = YES;
				CLANG_WARN__DUPLICATE_METHOD_MATCH = YES;
				COPY_PHASE_STRIP = NO;
				DEBUG_INFORMATION_FORMAT = dwarf;
				ENABLE_STRICT_OBJC_MSGSEND = YES;
				ENABLE_TESTABILITY = YES;
				ENABLE_USER_SCRIPT_SANDBOXING = YES;
				GCC_C_LANGUAGE_STANDARD = gnu17;
				GCC_DYNAMIC_NO_PIC = NO;
				GCC_NO_COMMON_BLOCKS = YES;
				GCC_OPTIMIZATION_LEVEL = 0;
				GCC_PREPROCESSOR_DEFINITIONS = (
					"DEBUG=1",
					"$(inherited)",
				);
				GCC_WARN_64_TO_32_BIT_CONVERSION = YES;
				GCC_WARN_ABOUT_RETURN_TYPE = YES_ERROR;
				GCC_WARN_UNDECLARED_SELECTOR = YES;
				GCC_WARN_UNINITIALIZED_AUTOS = YES_AGGRESSIVE;
				GCC_WARN_UNUSED_FUNCTION = YES;
				GCC_WARN_UNUSED_VARIABLE = YES;
				IPHONEOS_DEPLOYMENT_TARGET = 18.0;
				LOCALIZATION_PREFERS_STRING_CATALOGS = YES;
				MTL_ENABLE_DEBUG_INFO = INCLUDE_SOURCE;
				MTL_FAST_MATH = YES;
				ONLY_ACTIVE_ARCH = YES;
				SDKROOT = iphoneos;
				SWIFT_ACTIVE_COMPILATION_CONDITIONS = "DEBUG $(inherited)";
				SWIFT_OPTIMIZATION_LEVEL = "-Onone";
			};
			name = Debug;
		};
		B29F7C4F2C9DBA3B00C95628 /* Release */ = {
			isa = XCBuildConfiguration;
			buildSettings = {
				ALWAYS_SEARCH_USER_PATHS = NO;
				ASSETCATALOG_COMPILER_GENERATE_SWIFT_ASSET_SYMBOL_EXTENSIONS = YES;
				CLANG_ANALYZER_NONNULL = YES;
				CLANG_ANALYZER_NUMBER_OBJECT_CONVERSION = YES_AGGRESSIVE;
				CLANG_CXX_LANGUAGE_STANDARD = "gnu++20";
				CLANG_ENABLE_MODULES = YES;
				CLANG_ENABLE_OBJC_ARC = YES;
				CLANG_ENABLE_OBJC_WEAK = YES;
				CLANG_WARN_BLOCK_CAPTURE_AUTORELEASING = YES;
				CLANG_WARN_BOOL_CONVERSION = YES;
				CLANG_WARN_COMMA = YES;
				CLANG_WARN_CONSTANT_CONVERSION = YES;
				CLANG_WARN_DEPRECATED_OBJC_IMPLEMENTATIONS = YES;
				CLANG_WARN_DIRECT_OBJC_ISA_USAGE = YES_ERROR;
				CLANG_WARN_DOCUMENTATION_COMMENTS = YES;
				CLANG_WARN_EMPTY_BODY = YES;
				CLANG_WARN_ENUM_CONVERSION = YES;
				CLANG_WARN_INFINITE_RECURSION = YES;
				CLANG_WARN_INT_CONVERSION = YES;
				CLANG_WARN_NON_LITERAL_NULL_CONVERSION = YES;
				CLANG_WARN_OBJC_IMPLICIT_RETAIN_SELF = YES;
				CLANG_WARN_OBJC_LITERAL_CONVERSION = YES;
				CLANG_WARN_OBJC_ROOT_CLASS = YES_ERROR;
				CLANG_WARN_QUOTED_INCLUDE_IN_FRAMEWORK_HEADER = YES;
				CLANG_WARN_RANGE_LOOP_ANALYSIS = YES;
				CLANG_WARN_STRICT_PROTOTYPES = YES;
				CLANG_WARN_SUSPICIOUS_MOVE = YES;
				CLANG_WARN_UNGUARDED_AVAILABILITY = YES_AGGRESSIVE;
				CLANG_WARN_UNREACHABLE_CODE = YES;
				CLANG_WARN__DUPLICATE_METHOD_MATCH = YES;
				COPY_PHASE_STRIP = NO;
				DEBUG_INFORMATION_FORMAT = "dwarf-with-dsym";
				ENABLE_NS_ASSERTIONS = NO;
				ENABLE_STRICT_OBJC_MSGSEND = YES;
				ENABLE_USER_SCRIPT_SANDBOXING = YES;
				GCC_C_LANGUAGE_STANDARD = gnu17;
				GCC_NO_COMMON_BLOCKS = YES;
				GCC_WARN_64_TO_32_BIT_CONVERSION = YES;
				GCC_WARN_ABOUT_RETURN_TYPE = YES_ERROR;
				GCC_WARN_UNDECLARED_SELECTOR = YES;
				GCC_WARN_UNINITIALIZED_AUTOS = YES_AGGRESSIVE;
				GCC_WARN_UNUSED_FUNCTION = YES;
				GCC_WARN_UNUSED_VARIABLE = YES;
				IPHONEOS_DEPLOYMENT_TARGET = 18.0;
				LOCALIZATION_PREFERS_STRING_CATALOGS = YES;
				MTL_ENABLE_DEBUG_INFO = NO;
				MTL_FAST_MATH = YES;
				SDKROOT = iphoneos;
				SWIFT_COMPILATION_MODE = wholemodule;
				VALIDATE_PRODUCT = YES;
			};
			name = Release;
		};
		B29F7C512C9DBA3B00C95628 /* Debug */ = {
			isa = XCBuildConfiguration;
			buildSettings = {
				ASSETCATALOG_COMPILER_APPICON_NAME = AppIcon;
				ASSETCATALOG_COMPILER_GLOBAL_ACCENT_COLOR_NAME = AccentColor;
				CODE_SIGN_STYLE = Automatic;
				CURRENT_PROJECT_VERSION = 2;
				DEVELOPMENT_ASSET_PATHS = "\"geber/Preview Content\"";
				DEVELOPMENT_TEAM = CK8M57PVR8;
				ENABLE_PREVIEWS = YES;
				GENERATE_INFOPLIST_FILE = YES;
				INFOPLIST_FILE = geber/Info.plist;
				INFOPLIST_KEY_CFBundleDisplayName = Geber;
				INFOPLIST_KEY_NSBluetoothAlwaysUsageDescription = "We need to see your location to let the staff know about your help request";
				INFOPLIST_KEY_NSFaceIDUsageDescription = "Face ID is required for authentication";
				INFOPLIST_KEY_NSLocationAlwaysAndWhenInUseUsageDescription = "We need to see your location to let the staff know about your help request";
				INFOPLIST_KEY_NSLocationWhenInUseUsageDescription = "We need to see your location to let the staff know about your help request";
				INFOPLIST_KEY_UIApplicationSceneManifest_Generation = YES;
				INFOPLIST_KEY_UIApplicationSupportsIndirectInputEvents = YES;
				INFOPLIST_KEY_UILaunchScreen_Generation = YES;
				INFOPLIST_KEY_UIStatusBarStyle = "";
				INFOPLIST_KEY_UISupportedInterfaceOrientations = UIInterfaceOrientationPortrait;
				INFOPLIST_KEY_UISupportedInterfaceOrientations_iPad = "UIInterfaceOrientationLandscapeLeft UIInterfaceOrientationLandscapeRight UIInterfaceOrientationPortrait UIInterfaceOrientationPortraitUpsideDown";
				IPHONEOS_DEPLOYMENT_TARGET = 17.0;
				LD_RUNPATH_SEARCH_PATHS = (
					"$(inherited)",
					"@executable_path/Frameworks",
				);
				MARKETING_VERSION = 1.1;
				PRODUCT_BUNDLE_IDENTIFIER = com.vikriyuwi.geber;
				PRODUCT_NAME = "$(TARGET_NAME)";
				SUPPORTED_PLATFORMS = "iphoneos iphonesimulator";
				SUPPORTS_MACCATALYST = NO;
				SUPPORTS_MAC_DESIGNED_FOR_IPHONE_IPAD = NO;
				SUPPORTS_XR_DESIGNED_FOR_IPHONE_IPAD = NO;
				SWIFT_EMIT_LOC_STRINGS = YES;
				SWIFT_VERSION = 5.0;
				TARGETED_DEVICE_FAMILY = 1;
			};
			name = Debug;
		};
		B29F7C522C9DBA3B00C95628 /* Release */ = {
			isa = XCBuildConfiguration;
			buildSettings = {
				ASSETCATALOG_COMPILER_APPICON_NAME = AppIcon;
				ASSETCATALOG_COMPILER_GLOBAL_ACCENT_COLOR_NAME = AccentColor;
				CODE_SIGN_STYLE = Automatic;
				CURRENT_PROJECT_VERSION = 2;
				DEVELOPMENT_ASSET_PATHS = "\"geber/Preview Content\"";
				DEVELOPMENT_TEAM = CK8M57PVR8;
				ENABLE_PREVIEWS = YES;
				GENERATE_INFOPLIST_FILE = YES;
				INFOPLIST_FILE = geber/Info.plist;
				INFOPLIST_KEY_CFBundleDisplayName = Geber;
				INFOPLIST_KEY_NSBluetoothAlwaysUsageDescription = "We need to see your location to let the staff know about your help request";
				INFOPLIST_KEY_NSFaceIDUsageDescription = "Face ID is required for authentication";
				INFOPLIST_KEY_NSLocationAlwaysAndWhenInUseUsageDescription = "We need to see your location to let the staff know about your help request";
				INFOPLIST_KEY_NSLocationWhenInUseUsageDescription = "We need to see your location to let the staff know about your help request";
				INFOPLIST_KEY_UIApplicationSceneManifest_Generation = YES;
				INFOPLIST_KEY_UIApplicationSupportsIndirectInputEvents = YES;
				INFOPLIST_KEY_UILaunchScreen_Generation = YES;
				INFOPLIST_KEY_UIStatusBarStyle = "";
				INFOPLIST_KEY_UISupportedInterfaceOrientations = UIInterfaceOrientationPortrait;
				INFOPLIST_KEY_UISupportedInterfaceOrientations_iPad = "UIInterfaceOrientationLandscapeLeft UIInterfaceOrientationLandscapeRight UIInterfaceOrientationPortrait UIInterfaceOrientationPortraitUpsideDown";
				IPHONEOS_DEPLOYMENT_TARGET = 17.0;
				LD_RUNPATH_SEARCH_PATHS = (
					"$(inherited)",
					"@executable_path/Frameworks",
				);
				MARKETING_VERSION = 1.1;
				PRODUCT_BUNDLE_IDENTIFIER = com.vikriyuwi.geber;
				PRODUCT_NAME = "$(TARGET_NAME)";
				SUPPORTED_PLATFORMS = "iphoneos iphonesimulator";
				SUPPORTS_MACCATALYST = NO;
				SUPPORTS_MAC_DESIGNED_FOR_IPHONE_IPAD = NO;
				SUPPORTS_XR_DESIGNED_FOR_IPHONE_IPAD = NO;
				SWIFT_EMIT_LOC_STRINGS = YES;
				SWIFT_VERSION = 5.0;
				TARGETED_DEVICE_FAMILY = 1;
			};
			name = Release;
		};
		B2BF0FB22D90F2A80092D238 /* Debug */ = {
			isa = XCBuildConfiguration;
			buildSettings = {
				BUNDLE_LOADER = "$(TEST_HOST)";
				CODE_SIGN_STYLE = Automatic;
				CURRENT_PROJECT_VERSION = 1;
				DEVELOPMENT_TEAM = CK8M57PVR8;
				GENERATE_INFOPLIST_FILE = YES;
				IPHONEOS_DEPLOYMENT_TARGET = 17.0;
				MACOSX_DEPLOYMENT_TARGET = 15.2;
				MARKETING_VERSION = 1.0;
				PRODUCT_BUNDLE_IDENTIFIER = com.vikriyuwi.GeberUnitTest;
				PRODUCT_NAME = "$(TARGET_NAME)";
				SDKROOT = macosx;
				SUPPORTED_PLATFORMS = "iphoneos iphonesimulator";
				SUPPORTS_MACCATALYST = NO;
				SWIFT_EMIT_LOC_STRINGS = NO;
				SWIFT_VERSION = 5.0;
				TARGETED_DEVICE_FAMILY = 1;
				TEST_HOST = "$(BUILT_PRODUCTS_DIR)/geber.app/$(BUNDLE_EXECUTABLE_FOLDER_PATH)/geber";
			};
			name = Debug;
		};
		B2BF0FB32D90F2A80092D238 /* Release */ = {
			isa = XCBuildConfiguration;
			buildSettings = {
				BUNDLE_LOADER = "$(TEST_HOST)";
				CODE_SIGN_STYLE = Automatic;
				CURRENT_PROJECT_VERSION = 1;
				DEVELOPMENT_TEAM = CK8M57PVR8;
				GENERATE_INFOPLIST_FILE = YES;
				IPHONEOS_DEPLOYMENT_TARGET = 17.0;
				MACOSX_DEPLOYMENT_TARGET = 15.2;
				MARKETING_VERSION = 1.0;
				PRODUCT_BUNDLE_IDENTIFIER = com.vikriyuwi.GeberUnitTest;
				PRODUCT_NAME = "$(TARGET_NAME)";
				SDKROOT = macosx;
				SUPPORTED_PLATFORMS = "iphoneos iphonesimulator";
				SUPPORTS_MACCATALYST = NO;
				SWIFT_EMIT_LOC_STRINGS = NO;
				SWIFT_VERSION = 5.0;
				TARGETED_DEVICE_FAMILY = 1;
				TEST_HOST = "$(BUILT_PRODUCTS_DIR)/geber.app/$(BUNDLE_EXECUTABLE_FOLDER_PATH)/geber";
			};
			name = Release;
		};
/* End XCBuildConfiguration section */

/* Begin XCConfigurationList section */
		B29F7C3D2C9DBA3A00C95628 /* Build configuration list for PBXProject "geber" */ = {
			isa = XCConfigurationList;
			buildConfigurations = (
				B29F7C4E2C9DBA3B00C95628 /* Debug */,
				B29F7C4F2C9DBA3B00C95628 /* Release */,
			);
			defaultConfigurationIsVisible = 0;
			defaultConfigurationName = Release;
		};
		B29F7C502C9DBA3B00C95628 /* Build configuration list for PBXNativeTarget "geber" */ = {
			isa = XCConfigurationList;
			buildConfigurations = (
				B29F7C512C9DBA3B00C95628 /* Debug */,
				B29F7C522C9DBA3B00C95628 /* Release */,
			);
			defaultConfigurationIsVisible = 0;
			defaultConfigurationName = Release;
		};
		B2BF0FB12D90F2A80092D238 /* Build configuration list for PBXNativeTarget "GeberUnitTest" */ = {
			isa = XCConfigurationList;
			buildConfigurations = (
				B2BF0FB22D90F2A80092D238 /* Debug */,
				B2BF0FB32D90F2A80092D238 /* Release */,
			);
			defaultConfigurationIsVisible = 0;
			defaultConfigurationName = Release;
		};
/* End XCConfigurationList section */

/* Begin XCRemoteSwiftPackageReference section */
		B247F0B22CBFF86400CC2088 /* XCRemoteSwiftPackageReference "firebase-ios-sdk" */ = {
			isa = XCRemoteSwiftPackageReference;
			repositoryURL = "https://github.com/firebase/firebase-ios-sdk";
			requirement = {
				kind = upToNextMajorVersion;
				minimumVersion = 11.3.0;
			};
		};
/* End XCRemoteSwiftPackageReference section */

/* Begin XCSwiftPackageProductDependency section */
		B247F0B32CBFF86400CC2088 /* FirebaseAnalytics */ = {
			isa = XCSwiftPackageProductDependency;
			package = B247F0B22CBFF86400CC2088 /* XCRemoteSwiftPackageReference "firebase-ios-sdk" */;
			productName = FirebaseAnalytics;
		};
		B247F0B52CBFF86400CC2088 /* FirebaseAnalyticsOnDeviceConversion */ = {
			isa = XCSwiftPackageProductDependency;
			package = B247F0B22CBFF86400CC2088 /* XCRemoteSwiftPackageReference "firebase-ios-sdk" */;
			productName = FirebaseAnalyticsOnDeviceConversion;
		};
		B247F0B72CBFF86400CC2088 /* FirebaseAnalyticsWithoutAdIdSupport */ = {
			isa = XCSwiftPackageProductDependency;
			package = B247F0B22CBFF86400CC2088 /* XCRemoteSwiftPackageReference "firebase-ios-sdk" */;
			productName = FirebaseAnalyticsWithoutAdIdSupport;
		};
		B247F0B92CBFF86400CC2088 /* FirebaseDatabase */ = {
			isa = XCSwiftPackageProductDependency;
			package = B247F0B22CBFF86400CC2088 /* XCRemoteSwiftPackageReference "firebase-ios-sdk" */;
			productName = FirebaseDatabase;
		};
/* End XCSwiftPackageProductDependency section */
	};
	rootObject = B29F7C3A2C9DBA3A00C95628 /* Project object */;
}
